
Microsoft Visual Studio Solution File, Format Version 12.00
# Visual Studio Version 16
VisualStudioVersion = 16.0.31424.327
MinimumVisualStudioVersion = 10.0.40219.1
Project("{FAE04EC0-301F-11D3-BF4B-00C04F79EFBC}") = "CountDown", "CountDown.csproj", "{A7D35280-141C-483C-AF9A-01838E6703B3}"
EndProject
Global
	GlobalSection(SolutionConfigurationPlatforms) = preSolution
		Debug|Any CPU = Debug|Any CPU
		Release|Any CPU = Release|Any CPU
	EndGlobalSection
	GlobalSection(ProjectConfigurationPlatforms) = postSolution
		{A7D35280-141C-483C-AF9A-01838E6703B3}.Debug|Any CPU.ActiveCfg = Debug|Any CPU
		{A7D35280-141C-483C-AF9A-01838E6703B3}.Debug|Any CPU.Build.0 = Debug|Any CPU
		{A7D35280-141C-483C-AF9A-01838E6703B3}.Debug|Any CPU.Deploy.0 = Debug|Any CPU
		{A7D35280-141C-483C-AF9A-01838E6703B3}.Release|Any CPU.ActiveCfg = Release|Any CPU
		{A7D35280-141C-483C-AF9A-01838E6703B3}.Release|Any CPU.Build.0 = Release|Any CPU
		{A7D35280-141C-483C-AF9A-01838E6703B3}.Release|Any CPU.Deploy.0 = Release|Any CPU
	EndGlobalSection
	GlobalSection(SolutionProperties) = preSolution
		HideSolutionNode = FALSE
	EndGlobalSection
	GlobalSection(ExtensibilityGlobals) = postSolution
		SolutionGuid = {EE59DF3E-5D74-4A97-AA04-3D2B15A77E68}
	EndGlobalSection
EndGlobal
